{
    "_readme": [
        "This file locks the dependencies of your project to a known state",
        "Read more about it at http://getcomposer.org/doc/01-basic-usage.md#composer-lock-the-lock-file",
        "This file is @generated automatically"
    ],
    "hash": "4cbff67b2642622577f94dc9d81c9ddf",
    "packages": [
        {
            "name": "danielgp/common-lib",
            "version": "1.1.18.2",
            "source": {
                "type": "git",
                "url": "https://github.com/danielgp/common-lib.git",
                "reference": "57ae6ec9f2eb3ce4dc13aa52342549bda3836783"
            },
            "dist": {
                "type": "zip",
                "url": "https://api.github.com/repos/danielgp/common-lib/zipball/57ae6ec9f2eb3ce4dc13aa52342549bda3836783",
                "reference": "57ae6ec9f2eb3ce4dc13aa52342549bda3836783",
                "shasum": ""
            },
            "require": {
                "ext-curl": "*",
                "php": ">=5.4"
            },
            "type": "library",
            "autoload": {
                "classmap": [
                    "MySQLiByDanielGP.php",
                    "RomanianHolidays.php",
                    "CommonCode.php"
                ]
            },
            "notification-url": "https://packagist.org/downloads/",
            "license": [
                "MIT"
            ],
            "authors": [
                {
                    "name": "Daniel Popiniuc",
                    "email": "danielpopiniuc@gmail.com",
                    "role": "Developer"
                }
            ],
            "description": "Common functions to be used where needed",
            "time": "2015-02-24 09:19:05"
        },
        {
            "name": "rhumsaa/array_column",
            "version": "1.1.2",
            "source": {
                "type": "git",
                "url": "https://github.com/ramsey/array_column.git",
                "reference": "c09744baae0e023d1021055f9c65755b88a9721f"
            },
            "dist": {
                "type": "zip",
                "url": "https://api.github.com/repos/ramsey/array_column/zipball/c09744baae0e023d1021055f9c65755b88a9721f",
                "reference": "c09744baae0e023d1021055f9c65755b88a9721f",
                "shasum": ""
            },
            "type": "library",
            "autoload": {
                "files": [
                    "src/array_column.php"
                ]
            },
            "notification-url": "https://packagist.org/downloads/",
            "license": [
                "MIT"
            ],
            "authors": [
                {
                    "name": "Ben Ramsey",
                    "homepage": "http://benramsey.com",
                    "role": "Developer"
                }
            ],
            "description": "Provides functionality for array_column() to projects using PHP earlier than version 5.5.",
            "homepage": "https://github.com/ramsey/array_column",
            "keywords": [
                "array",
                "array_column",
                "column"
            ],
            "time": "2013-07-22 16:12:38"
        }
    ],
    "packages-dev": [],
    "aliases": [],
    "minimum-stability": "stable",
    "stability-flags": [],
    "prefer-stable": true,
    "prefer-lowest": false,
    "platform": {
        "php": ">=5.4",
        "ext-curl": "*",
        "ext-mysqli": "*"
    },
    "platform-dev": []
}
